
Microsoft Visual Studio Solution File, Format Version 12.00
# Visual Studio 15
VisualStudioVersion = 15.0.28307.1267
MinimumVisualStudioVersion = 10.0.40219.1
Project("{FAE04EC0-301F-11D3-BF4B-00C04F79EFBC}") = "Petersilie.ManagementTools.NetworkMonitor", "Petersilie.ManagementTools.NetworkMonitor\Petersilie.ManagementTools.NetworkMonitor.csproj", "{724944EF-C81D-407E-9D44-832B30A45920}"
EndProject
Global
	GlobalSection(SolutionConfigurationPlatforms) = preSolution
		Debug|Any CPU = Debug|Any CPU
		Release|Any CPU = Release|Any CPU
	EndGlobalSection
	GlobalSection(ProjectConfigurationPlatforms) = postSolution
		{724944EF-C81D-407E-9D44-832B30A45920}.Debug|Any CPU.ActiveCfg = Debug|Any CPU
		{724944EF-C81D-407E-9D44-832B30A45920}.Debug|Any CPU.Build.0 = Debug|Any CPU
		{724944EF-C81D-407E-9D44-832B30A45920}.Release|Any CPU.ActiveCfg = Release|Any CPU
		{724944EF-C81D-407E-9D44-832B30A45920}.Release|Any CPU.Build.0 = Release|Any CPU
	EndGlobalSection
	GlobalSection(SolutionProperties) = preSolution
		HideSolutionNode = FALSE
	EndGlobalSection
	GlobalSection(ExtensibilityGlobals) = postSolution
		SolutionGuid = {B3374651-ACCF-48B3-B7F3-38BA927B4431}
	EndGlobalSection
EndGlobal
